// !$*UTF8*$!
{
	archiveVersion = 1;
	classes = {
	};
	objectVersion = 46;
	objects = {

/* Begin PBXBuildFile section */
		BAFCDEE31DAD156C00E15336 /* main.m in Sources */ = {isa = PBXBuildFile; fileRef = BAFCDEE21DAD156C00E15336 /* main.m */; };
		BAFCDEE61DAD156C00E15336 /* AppDelegate.m in Sources */ = {isa = PBXBuildFile; fileRef = BAFCDEE51DAD156C00E15336 /* AppDelegate.m */; };
		BAFCDEE91DAD156C00E15336 /* ViewController.m in Sources */ = {isa = PBXBuildFile; fileRef = BAFCDEE81DAD156C00E15336 /* ViewController.m */; };
		BAFCDEEC1DAD156C00E15336 /* Main.storyboard in Resources */ = {isa = PBXBuildFile; fileRef = BAFCDEEA1DAD156C00E15336 /* Main.storyboard */; };
		BAFCDEEE1DAD156C00E15336 /* Assets.xcassets in Resources */ = {isa = PBXBuildFile; fileRef = BAFCDEED1DAD156C00E15336 /* Assets.xcassets */; };
		BAFCDEF11DAD156C00E15336 /* LaunchScreen.storyboard in Resources */ = {isa = PBXBuildFile; fileRef = BAFCDEEF1DAD156C00E15336 /* LaunchScreen.storyboard */; };
/* End PBXBuildFile section */

/* Begin PBXFileReference section */
		BAFCDEDE1DAD156C00E15336 /* MultiThreadDevelop.app */ = {isa = PBXFileReference; explicitFileType = wrapper.application; includeInIndex = 0; path = MultiThreadDevelop.app; sourceTree = BUILT_PRODUCTS_DIR; };
		BAFCDEE21DAD156C00E15336 /* main.m */ = {isa = PBXFileReference; lastKnownFileType = sourcecode.c.objc; path = main.m; sourceTree = "<group>"; };
		BAFCDEE41DAD156C00E15336 /* AppDelegate.h */ = {isa = PBXFileReference; lastKnownFileType = sourcecode.c.h; path = AppDelegate.h; sourceTree = "<group>"; };
		BAFCDEE51DAD156C00E15336 /* AppDelegate.m */ = {isa = PBXFileReference; lastKnownFileType = sourcecode.c.objc; path = AppDelegate.m; sourceTree = "<group>"; };
		BAFCDEE71DAD156C00E15336 /* ViewController.h */ = {isa = PBXFileReference; lastKnownFileType = sourcecode.c.h; path = ViewController.h; sourceTree = "<group>"; };
		BAFCDEE81DAD156C00E15336 /* ViewController.m */ = {isa = PBXFileReference; lastKnownFileType = sourcecode.c.objc; path = ViewController.m; sourceTree = "<group>"; };
		BAFCDEEB1DAD156C00E15336 /* Base */ = {isa = PBXFileReference; lastKnownFileType = file.storyboard; name = Base; path = Base.lproj/Main.storyboard; sourceTree = "<group>"; };
		BAFCDEED1DAD156C00E15336 /* Assets.xcassets */ = {isa = PBXFileReference; lastKnownFileType = folder.assetcatalog; path = Assets.xcassets; sourceTree = "<group>"; };
		BAFCDEF01DAD156C00E15336 /* Base */ = {isa = PBXFileReference; lastKnownFileType = file.storyboard; name = Base; path = Base.lproj/LaunchScreen.storyboard; sourceTree = "<group>"; };
		BAFCDEF21DAD156C00E15336 /* Info.plist */ = {isa = PBXFileReference; lastKnownFileType = text.plist.xml; path = Info.plist; sourceTree = "<group>"; };
/* End PBXFileReference section */

/* Begin PBXFrameworksBuildPhase section */
		BAFCDEDB1DAD156C00E15336 /* Frameworks */ = {
			isa = PBXFrameworksBuildPhase;
			buildActionMask = 2147483647;
			files = (
			);
			runOnlyForDeploymentPostprocessing = 0;
		};
/* End PBXFrameworksBuildPhase section */

/* Begin PBXGroup section */
		BAFCDED51DAD156C00E15336 = {
			isa = PBXGroup;
			children = (
				BAFCDEE01DAD156C00E15336 /* MultiThreadDevelop */,
				BAFCDEDF1DAD156C00E15336 /* Products */,
			);
			sourceTree = "<group>";
		};
		BAFCDEDF1DAD156C00E15336 /* Products */ = {
			isa = PBXGroup;
			children = (
				BAFCDEDE1DAD156C00E15336 /* MultiThreadDevelop.app */,
			);
			name = Products;
			sourceTree = "<group>";
		};
		BAFCDEE01DAD156C00E15336 /* MultiThreadDevelop */ = {
			isa = PBXGroup;
			children = (
				BAFCDEE41DAD156C00E15336 /* AppDelegate.h */,
				BAFCDEE51DAD156C00E15336 /* AppDelegate.m */,
				BAFCDEE71DAD156C00E15336 /* ViewController.h */,
				BAFCDEE81DAD156C00E15336 /* ViewController.m */,
				BAFCDEEA1DAD156C00E15336 /* Main.storyboard */,
				BAFCDEED1DAD156C00E15336 /* Assets.xcassets */,
				BAFCDEEF1DAD156C00E15336 /* LaunchScreen.storyboard */,
				BAFCDEF21DAD156C00E15336 /* Info.plist */,
				BAFCDEE11DAD156C00E15336 /* Supporting Files */,
			);
			path = MultiThreadDevelop;
			sourceTree = "<group>";
		};
		BAFCDEE11DAD156C00E15336 /* Supporting Files */ = {
			isa = PBXGroup;
			children = (
				BAFCDEE21DAD156C00E15336 /* main.m */,
			);
			name = "Supporting Files";
			sourceTree = "<group>";
		};
/* End PBXGroup section */

/* Begin PBXNativeTarget section */
		BAFCDEDD1DAD156C00E15336 /* MultiThreadDevelop */ = {
			isa = PBXNativeTarget;
			buildConfigurationList = BAFCDEF51DAD156C00E15336 /* Build configuration list for PBXNativeTarget "MultiThreadDevelop" */;
			buildPhases = (
				BAFCDEDA1DAD156C00E15336 /* Sources */,
				BAFCDEDB1DAD156C00E15336 /* Frameworks */,
				BAFCDEDC1DAD156C00E15336 /* Resources */,
			);
			buildRules = (
			);
			dependencies = (
			);
			name = MultiThreadDevelop;
			productName = MultiThreadDevelop;
			productReference = BAFCDEDE1DAD156C00E15336 /* MultiThreadDevelop.app */;
			productType = "com.apple.product-type.application";
		};
/* End PBXNativeTarget section */

/* Begin PBXProject section */
		BAFCDED61DAD156C00E15336 /* Project object */ = {
			isa = PBXProject;
			attributes = {
				LastUpgradeCheck = 0800;
				ORGANIZATIONNAME = Carouesl;
				TargetAttributes = {
					BAFCDEDD1DAD156C00E15336 = {
						CreatedOnToolsVersion = 8.0;
						DevelopmentTeam = 4S68FLC2TS;
						ProvisioningStyle = Automatic;
					};
				};
			};
			buildConfigurationList = BAFCDED91DAD156C00E15336 /* Build configuration list for PBXProject "MultiThreadDevelop" */;
			compatibilityVersion = "Xcode 3.2";
			developmentRegion = English;
			hasScannedForEncodings = 0;
			knownRegions = (
				en,
				Base,
			);
			mainGroup = BAFCDED51DAD156C00E15336;
			productRefGroup = BAFCDEDF1DAD156C00E15336 /* Products */;
			projectDirPath = "";
			projectRoot = "";
			targets = (
				BAFCDEDD1DAD156C00E15336 /* MultiThreadDevelop */,
			);
		};
/* End PBXProject section */

/* Begin PBXResourcesBuildPhase section */
		BAFCDEDC1DAD156C00E15336 /* Resources */ = {
			isa = PBXResourcesBuildPhase;
			buildActionMask = 2147483647;
			files = (
				BAFCDEF11DAD156C00E15336 /* LaunchScreen.storyboard in Resources */,
				BAFCDEEE1DAD156C00E15336 /* Assets.xcassets in Resources */,
				BAFCDEEC1DAD156C00E15336 /* Main.storyboard in Resources */,
			);
			runOnlyForDeploymentPostprocessing = 0;
		};
/* End PBXResourcesBuildPhase section */

/* Begin PBXSourcesBuildPhase section */
		BAFCDEDA1DAD156C00E15336 /* Sources */ = {
			isa = PBXSourcesBuildPhase;
			buildActionMask = 2147483647;
			files = (
				BAFCDEE91DAD156C00E15336 /* ViewController.m in Sources */,
				BAFCDEE61DAD156C00E15336 /* AppDelegate.m in Sources */,
				BAFCDEE31DAD156C00E15336 /* main.m in Sources */,
			);
			runOnlyForDeploymentPostprocessing = 0;
		};
/* End PBXSourcesBuildPhase section */

/* Begin PBXVariantGroup section */
		BAFCDEEA1DAD156C00E15336 /* Main.storyboard */ = {
			isa = PBXVariantGroup;
			children = (
				BAFCDEEB1DAD156C00E15336 /* Base */,
			);
			name = Main.storyboard;
			sourceTree = "<group>";
		};
		BAFCDEEF1DAD156C00E15336 /* LaunchScreen.storyboard */ = {
			isa = PBXVariantGroup;
			children = (
				BAFCDEF01DAD156C00E15336 /* Base */,
			);
			name = LaunchScreen.storyboard;
			sourceTree = "<group>";
		};
/* End PBXVariantGroup section */

/* Begin XCBuildConfiguration section */
		BAFCDEF31DAD156C00E15336 /* Debug */ = {
			isa = XCBuildConfiguration;
			buildSettings = {
				ALWAYS_SEARCH_USER_PATHS = NO;
				CLANG_ANALYZER_NONNULL = YES;
				CLANG_CXX_LANGUAGE_STANDARD = "gnu++0x";
				CLANG_CXX_LIBRARY = "libc++";
				CLANG_ENABLE_MODULES = YES;
				CLANG_ENABLE_OBJC_ARC = YES;
				CLANG_WARN_BOOL_CONVERSION = YES;
				CLANG_WARN_CONSTANT_CONVERSION = YES;
				CLANG_WARN_DIRECT_OBJC_ISA_USAGE = YES_ERROR;
				CLANG_WARN_DOCUMENTATION_COMMENTS = YES;
				CLANG_WARN_EMPTY_BODY = YES;
				CLANG_WARN_ENUM_CONVERSION = YES;
				CLANG_WARN_INFINITE_RECURSION = YES;
				CLANG_WARN_INT_CONVERSION = YES;
				CLANG_WARN_OBJC_ROOT_CLASS = YES_ERROR;
				CLANG_WARN_SUSPICIOUS_MOVES = YES;
				CLANG_WARN_UNREACHABLE_CODE = YES;
				CLANG_WARN__DUPLICATE_METHOD_MATCH = YES;
				"CODE_SIGN_IDENTITY[sdk=iphoneos*]" = "iPhone Developer";
				COPY_PHASE_STRIP = NO;
				DEBUG_INFORMATION_FORMAT = dwarf;
				ENABLE_STRICT_OBJC_MSGSEND = YES;
				ENABLE_TESTABILITY = YES;
				GCC_C_LANGUAGE_STANDARD = gnu99;
				GCC_DYNAMIC_NO_PIC = NO;
				GCC_NO_COMMON_BLOCKS = YES;
				GCC_OPTIMIZATION_LEVEL = 0;
				GCC_PREPROCESSOR_DEFINITIONS = (
					"DEBUG=1",
					"$(inherited)",
				);
				GCC_WARN_64_TO_32_BIT_CONVERSION = YES;
				GCC_WARN_ABOUT_RETURN_TYPE = YES_ERROR;
				GCC_WARN_UNDECLARED_SELECTOR = YES;
				GCC_WARN_UNINITIALIZED_AUTOS = YES_AGGRESSIVE;
				GCC_WARN_UNUSED_FUNCTION = YES;
				GCC_WARN_UNUSED_VARIABLE = YES;
				IPHONEOS_DEPLOYMENT_TARGET = 10.0;
				MTL_ENABLE_DEBUG_INFO = YES;
				ONLY_ACTIVE_ARCH = YES;
				SDKROOT = iphoneos;
				TARGETED_DEVICE_FAMILY = "1,2";
			};
			name = Debug;
		};
		BAFCDEF41DAD156C00E15336 /* Release */ = {
			isa = XCBuildConfiguration;
			buildSettings = {
				ALWAYS_SEARCH_USER_PATHS = NO;
				CLANG_ANALYZER_NONNULL = YES;
				CLANG_CXX_LANGUAGE_STANDARD = "gnu++0x";
				CLANG_CXX_LIBRARY = "libc++";
				CLANG_ENABLE_MODULES = YES;
				CLANG_ENABLE_OBJC_ARC = YES;
				CLANG_WARN_BOOL_CONVERSION = YES;
				CLANG_WARN_CONSTANT_CONVERSION = YES;
				CLANG_WARN_DIRECT_OBJC_ISA_USAGE = YES_ERROR;
				CLANG_WARN_DOCUMENTATION_COMMENTS = YES;
				CLANG_WARN_EMPTY_BODY = YES;
				CLANG_WARN_ENUM_CONVERSION = YES;
				CLANG_WARN_INFINITE_RECURSION = YES;
				CLANG_WARN_INT_CONVERSION = YES;
				CLANG_WARN_OBJC_ROOT_CLASS = YES_ERROR;
				CLANG_WARN_SUSPICIOUS_MOVES = YES;
				CLANG_WARN_UNREACHABLE_CODE = YES;
				CLANG_WARN__DUPLICATE_METHOD_MATCH = YES;
				"CODE_SIGN_IDENTITY[sdk=iphoneos*]" = "iPhone Developer";
				COPY_PHASE_STRIP = NO;
				DEBUG_INFORMATION_FORMAT = "dwarf-with-dsym";
				ENABLE_NS_ASSERTIONS = NO;
				ENABLE_STRICT_OBJC_MSGSEND = YES;
				GCC_C_LANGUAGE_STANDARD = gnu99;
				GCC_NO_COMMON_BLOCKS = YES;
				GCC_WARN_64_TO_32_BIT_CONVERSION = YES;
				GCC_WARN_ABOUT_RETURN_TYPE = YES_ERROR;
				GCC_WARN_UNDECLARED_SELECTOR = YES;
				GCC_WARN_UNINITIALIZED_AUTOS = YES_AGGRESSIVE;
				GCC_WARN_UNUSED_FUNCTION = YES;
				GCC_WARN_UNUSED_VARIABLE = YES;
				IPHONEOS_DEPLOYMENT_TARGET = 10.0;
				MTL_ENABLE_DEBUG_INFO = NO;
				SDKROOT = iphoneos;
				TARGETED_DEVICE_FAMILY = "1,2";
				VALIDATE_PRODUCT = YES;
			};
			name = Release;
		};
		BAFCDEF61DAD156C00E15336 /* Debug */ = {
			isa = XCBuildConfiguration;
			buildSettings = {
				ASSETCATALOG_COMPILER_APPICON_NAME = AppIcon;
				DEVELOPMENT_TEAM = 4S68FLC2TS;
				INFOPLIST_FILE = MultiThreadDevelop/Info.plist;
				LD_RUNPATH_SEARCH_PATHS = "$(inherited) @executable_path/Frameworks";
				PRODUCT_BUNDLE_IDENTIFIER = YouKu.MultiThreadDevelop;
				PRODUCT_NAME = "$(TARGET_NAME)";
			};
			name = Debug;
		};
		BAFCDEF71DAD156C00E15336 /* Release */ = {
			isa = XCBuildConfiguration;
			buildSettings = {
				ASSETCATALOG_COMPILER_APPICON_NAME = AppIcon;
				DEVELOPMENT_TEAM = 4S68FLC2TS;
				INFOPLIST_FILE = MultiThreadDevelop/Info.plist;
				LD_RUNPATH_SEARCH_PATHS = "$(inherited) @executable_path/Frameworks";
				PRODUCT_BUNDLE_IDENTIFIER = YouKu.MultiThreadDevelop;
				PRODUCT_NAME = "$(TARGET_NAME)";
			};
			name = Release;
		};
/* End XCBuildConfiguration section */

/* Begin XCConfigurationList section */
		BAFCDED91DAD156C00E15336 /* Build configuration list for PBXProject "MultiThreadDevelop" */ = {
			isa = XCConfigurationList;
			buildConfigurations = (
				BAFCDEF31DAD156C00E15336 /* Debug */,
				BAFCDEF41DAD156C00E15336 /* Release */,
			);
			defaultConfigurationIsVisible = 0;
			defaultConfigurationName = Release;
		};
		BAFCDEF51DAD156C00E15336 /* Build configuration list for PBXNativeTarget "MultiThreadDevelop" */ = {
			isa = XCConfigurationList;
			buildConfigurations = (
				BAFCDEF61DAD156C00E15336 /* Debug */,
				BAFCDEF71DAD156C00E15336 /* Release */,
			);
			defaultConfigurationIsVisible = 0;
		};
/* End XCConfigurationList section */
	};
	rootObject = BAFCDED61DAD156C00E15336 /* Project object */;
}
